// !$*UTF8*$!
{
	archiveVersion = 1;
	classes = {
	};
	objectVersion = 56;
	objects = {

/* Begin PBXBuildFile section */
		EB499E2E2A831D13000BA308 /* HomeView.swift in Sources */ = {isa = PBXBuildFile; fileRef = EB499E2D2A831D13000BA308 /* HomeView.swift */; };
		EB499E302A831F37000BA308 /* TabletView.swift in Sources */ = {isa = PBXBuildFile; fileRef = EB499E2F2A831F37000BA308 /* TabletView.swift */; };
		EB499E322A831F3E000BA308 /* PhoneView.swift in Sources */ = {isa = PBXBuildFile; fileRef = EB499E312A831F3E000BA308 /* PhoneView.swift */; };
		EB499E342A8320EE000BA308 /* ShoppingCartView.swift in Sources */ = {isa = PBXBuildFile; fileRef = EB499E332A8320EE000BA308 /* ShoppingCartView.swift */; };
		EB531DBC2A6CA172006C35A5 /* ProductListView.swift in Sources */ = {isa = PBXBuildFile; fileRef = EB531DBB2A6CA172006C35A5 /* ProductListView.swift */; };
		EB531DBF2A6CB64A006C35A5 /* Product.swift in Sources */ = {isa = PBXBuildFile; fileRef = EB531DBE2A6CB64A006C35A5 /* Product.swift */; };
		EB53BF0E2A9ECCDF00515ABA /* ShoppingCartCell.swift in Sources */ = {isa = PBXBuildFile; fileRef = EB53BF0D2A9ECCDF00515ABA /* ShoppingCartCell.swift */; };
		EB53BF102A9ECFED00515ABA /* ProductDetailView.swift in Sources */ = {isa = PBXBuildFile; fileRef = EB53BF0F2A9ECFED00515ABA /* ProductDetailView.swift */; };
		EB53BF132A9ED70500515ABA /* ShoppingCartViewModel.swift in Sources */ = {isa = PBXBuildFile; fileRef = EB53BF122A9ED70500515ABA /* ShoppingCartViewModel.swift */; };
		EB53BF192A9FE19E00515ABA /* Extensions.swift in Sources */ = {isa = PBXBuildFile; fileRef = EB53BF182A9FE19E00515ABA /* Extensions.swift */; };
		EB53BF1C2A9FE2EE00515ABA /* AppFont.swift in Sources */ = {isa = PBXBuildFile; fileRef = EB53BF1B2A9FE2EE00515ABA /* AppFont.swift */; };
		EB53BF1F2A9FE54E00515ABA /* Line.swift in Sources */ = {isa = PBXBuildFile; fileRef = EB53BF1E2A9FE54E00515ABA /* Line.swift */; };
		EBCF465F2A60C9B600FA03B4 /* KwikEMartSwiftUIApp.swift in Sources */ = {isa = PBXBuildFile; fileRef = EBCF465E2A60C9B600FA03B4 /* KwikEMartSwiftUIApp.swift */; };
		EBCF46612A60C9B600FA03B4 /* ProductCard.swift in Sources */ = {isa = PBXBuildFile; fileRef = EBCF46602A60C9B600FA03B4 /* ProductCard.swift */; };
		EBCF46632A60C9B600FA03B4 /* Assets.xcassets in Resources */ = {isa = PBXBuildFile; fileRef = EBCF46622A60C9B600FA03B4 /* Assets.xcassets */; };
		EBCF46672A60C9B600FA03B4 /* Preview Assets.xcassets in Resources */ = {isa = PBXBuildFile; fileRef = EBCF46662A60C9B600FA03B4 /* Preview Assets.xcassets */; };
/* End PBXBuildFile section */

/* Begin PBXFileReference section */
		EB499E2D2A831D13000BA308 /* HomeView.swift */ = {isa = PBXFileReference; lastKnownFileType = sourcecode.swift; path = HomeView.swift; sourceTree = "<group>"; };
		EB499E2F2A831F37000BA308 /* TabletView.swift */ = {isa = PBXFileReference; lastKnownFileType = sourcecode.swift; path = TabletView.swift; sourceTree = "<group>"; };
		EB499E312A831F3E000BA308 /* PhoneView.swift */ = {isa = PBXFileReference; lastKnownFileType = sourcecode.swift; path = PhoneView.swift; sourceTree = "<group>"; };
		EB499E332A8320EE000BA308 /* ShoppingCartView.swift */ = {isa = PBXFileReference; lastKnownFileType = sourcecode.swift; path = ShoppingCartView.swift; sourceTree = "<group>"; };
		EB531DBB2A6CA172006C35A5 /* ProductListView.swift */ = {isa = PBXFileReference; lastKnownFileType = sourcecode.swift; path = ProductListView.swift; sourceTree = "<group>"; };
		EB531DBE2A6CB64A006C35A5 /* Product.swift */ = {isa = PBXFileReference; lastKnownFileType = sourcecode.swift; path = Product.swift; sourceTree = "<group>"; };
		EB53BF0D2A9ECCDF00515ABA /* ShoppingCartCell.swift */ = {isa = PBXFileReference; lastKnownFileType = sourcecode.swift; path = ShoppingCartCell.swift; sourceTree = "<group>"; };
		EB53BF0F2A9ECFED00515ABA /* ProductDetailView.swift */ = {isa = PBXFileReference; lastKnownFileType = sourcecode.swift; path = ProductDetailView.swift; sourceTree = "<group>"; };
		EB53BF122A9ED70500515ABA /* ShoppingCartViewModel.swift */ = {isa = PBXFileReference; lastKnownFileType = sourcecode.swift; path = ShoppingCartViewModel.swift; sourceTree = "<group>"; };
		EB53BF182A9FE19E00515ABA /* Extensions.swift */ = {isa = PBXFileReference; lastKnownFileType = sourcecode.swift; path = Extensions.swift; sourceTree = "<group>"; };
		EB53BF1B2A9FE2EE00515ABA /* AppFont.swift */ = {isa = PBXFileReference; lastKnownFileType = sourcecode.swift; path = AppFont.swift; sourceTree = "<group>"; };
		EB53BF1E2A9FE54E00515ABA /* Line.swift */ = {isa = PBXFileReference; lastKnownFileType = sourcecode.swift; path = Line.swift; sourceTree = "<group>"; };
		EBCF465B2A60C9B600FA03B4 /* KwikEMartSwiftUI.app */ = {isa = PBXFileReference; explicitFileType = wrapper.application; includeInIndex = 0; path = KwikEMartSwiftUI.app; sourceTree = BUILT_PRODUCTS_DIR; };
		EBCF465E2A60C9B600FA03B4 /* KwikEMartSwiftUIApp.swift */ = {isa = PBXFileReference; lastKnownFileType = sourcecode.swift; path = KwikEMartSwiftUIApp.swift; sourceTree = "<group>"; };
		EBCF46602A60C9B600FA03B4 /* ProductCard.swift */ = {isa = PBXFileReference; lastKnownFileType = sourcecode.swift; path = ProductCard.swift; sourceTree = "<group>"; };
		EBCF46622A60C9B600FA03B4 /* Assets.xcassets */ = {isa = PBXFileReference; lastKnownFileType = folder.assetcatalog; path = Assets.xcassets; sourceTree = "<group>"; };
		EBCF46642A60C9B600FA03B4 /* KwikEMartSwiftUI.entitlements */ = {isa = PBXFileReference; lastKnownFileType = text.plist.entitlements; path = KwikEMartSwiftUI.entitlements; sourceTree = "<group>"; };
		EBCF46662A60C9B600FA03B4 /* Preview Assets.xcassets */ = {isa = PBXFileReference; lastKnownFileType = folder.assetcatalog; path = "Preview Assets.xcassets"; sourceTree = "<group>"; };
/* End PBXFileReference section */

/* Begin PBXFrameworksBuildPhase section */
		EBCF46582A60C9B600FA03B4 /* Frameworks */ = {
			isa = PBXFrameworksBuildPhase;
			buildActionMask = 2147483647;
			files = (
			);
			runOnlyForDeploymentPostprocessing = 0;
		};
/* End PBXFrameworksBuildPhase section */

/* Begin PBXGroup section */
		EB531DBD2A6CB63B006C35A5 /* Model */ = {
			isa = PBXGroup;
			children = (
				EB531DBE2A6CB64A006C35A5 /* Product.swift */,
			);
			path = Model;
			sourceTree = "<group>";
		};
		EB53BF112A9ED6EC00515ABA /* ViewModel */ = {
			isa = PBXGroup;
			children = (
				EB53BF122A9ED70500515ABA /* ShoppingCartViewModel.swift */,
			);
			path = ViewModel;
			sourceTree = "<group>";
		};
		EB53BF172A9FE19200515ABA /* Utilities */ = {
			isa = PBXGroup;
			children = (
				EB53BF182A9FE19E00515ABA /* Extensions.swift */,
			);
			path = Utilities;
			sourceTree = "<group>";
		};
		EB53BF1A2A9FE2DF00515ABA /* Styling */ = {
			isa = PBXGroup;
			children = (
				EB53BF1B2A9FE2EE00515ABA /* AppFont.swift */,
				EB53BF1E2A9FE54E00515ABA /* Line.swift */,
			);
			path = Styling;
			sourceTree = "<group>";
		};
		EB53BF1D2A9FE32A00515ABA /* Views */ = {
			isa = PBXGroup;
			children = (
				EBCF46602A60C9B600FA03B4 /* ProductCard.swift */,
				EB53BF0D2A9ECCDF00515ABA /* ShoppingCartCell.swift */,
				EB531DBB2A6CA172006C35A5 /* ProductListView.swift */,
				EB499E2D2A831D13000BA308 /* HomeView.swift */,
				EB499E2F2A831F37000BA308 /* TabletView.swift */,
				EB499E332A8320EE000BA308 /* ShoppingCartView.swift */,
				EB499E312A831F3E000BA308 /* PhoneView.swift */,
				EB53BF0F2A9ECFED00515ABA /* ProductDetailView.swift */,
			);
			path = Views;
			sourceTree = "<group>";
		};
		EBCF46522A60C9B600FA03B4 = {
			isa = PBXGroup;
			children = (
				EBCF465D2A60C9B600FA03B4 /* KwikEMartSwiftUI */,
				EBCF465C2A60C9B600FA03B4 /* Products */,
			);
			sourceTree = "<group>";
		};
		EBCF465C2A60C9B600FA03B4 /* Products */ = {
			isa = PBXGroup;
			children = (
				EBCF465B2A60C9B600FA03B4 /* KwikEMartSwiftUI.app */,
			);
			name = Products;
			sourceTree = "<group>";
		};
		EBCF465D2A60C9B600FA03B4 /* KwikEMartSwiftUI */ = {
			isa = PBXGroup;
			children = (
				EB53BF1D2A9FE32A00515ABA /* Views */,
				EB53BF1A2A9FE2DF00515ABA /* Styling */,
				EB53BF172A9FE19200515ABA /* Utilities */,
				EB53BF112A9ED6EC00515ABA /* ViewModel */,
				EB531DBD2A6CB63B006C35A5 /* Model */,
				EBCF465E2A60C9B600FA03B4 /* KwikEMartSwiftUIApp.swift */,
				EBCF46622A60C9B600FA03B4 /* Assets.xcassets */,
				EBCF46642A60C9B600FA03B4 /* KwikEMartSwiftUI.entitlements */,
				EBCF46652A60C9B600FA03B4 /* Preview Content */,
			);
			path = KwikEMartSwiftUI;
			sourceTree = "<group>";
		};
		EBCF46652A60C9B600FA03B4 /* Preview Content */ = {
			isa = PBXGroup;
			children = (
				EBCF46662A60C9B600FA03B4 /* Preview Assets.xcassets */,
			);
			path = "Preview Content";
			sourceTree = "<group>";
		};
/* End PBXGroup section */

/* Begin PBXNativeTarget section */
		EBCF465A2A60C9B600FA03B4 /* KwikEMartSwiftUI */ = {
			isa = PBXNativeTarget;
			buildConfigurationList = EBCF466A2A60C9B600FA03B4 /* Build configuration list for PBXNativeTarget "KwikEMartSwiftUI" */;
			buildPhases = (
				EBCF46572A60C9B600FA03B4 /* Sources */,
				EBCF46582A60C9B600FA03B4 /* Frameworks */,
				EBCF46592A60C9B600FA03B4 /* Resources */,
			);
			buildRules = (
			);
			dependencies = (
			);
			name = KwikEMartSwiftUI;
			productName = KwikEMartSwiftUI;
			productReference = EBCF465B2A60C9B600FA03B4 /* KwikEMartSwiftUI.app */;
			productType = "com.apple.product-type.application";
		};
/* End PBXNativeTarget section */

/* Begin PBXProject section */
		EBCF46532A60C9B600FA03B4 /* Project object */ = {
			isa = PBXProject;
			attributes = {
				BuildIndependentTargetsInParallel = 1;
				LastSwiftUpdateCheck = 1430;
				LastUpgradeCheck = 1430;
				TargetAttributes = {
					EBCF465A2A60C9B600FA03B4 = {
						CreatedOnToolsVersion = 14.3.1;
					};
				};
			};
			buildConfigurationList = EBCF46562A60C9B600FA03B4 /* Build configuration list for PBXProject "KwikEMartSwiftUI" */;
			compatibilityVersion = "Xcode 14.0";
			developmentRegion = en;
			hasScannedForEncodings = 0;
			knownRegions = (
				en,
				Base,
			);
			mainGroup = EBCF46522A60C9B600FA03B4;
			productRefGroup = EBCF465C2A60C9B600FA03B4 /* Products */;
			projectDirPath = "";
			projectRoot = "";
			targets = (
				EBCF465A2A60C9B600FA03B4 /* KwikEMartSwiftUI */,
			);
		};
/* End PBXProject section */

/* Begin PBXResourcesBuildPhase section */
		EBCF46592A60C9B600FA03B4 /* Resources */ = {
			isa = PBXResourcesBuildPhase;
			buildActionMask = 2147483647;
			files = (
				EBCF46672A60C9B600FA03B4 /* Preview Assets.xcassets in Resources */,
				EBCF46632A60C9B600FA03B4 /* Assets.xcassets in Resources */,
			);
			runOnlyForDeploymentPostprocessing = 0;
		};
/* End PBXResourcesBuildPhase section */

/* Begin PBXSourcesBuildPhase section */
		EBCF46572A60C9B600FA03B4 /* Sources */ = {
			isa = PBXSourcesBuildPhase;
			buildActionMask = 2147483647;
			files = (
				EB531DBC2A6CA172006C35A5 /* ProductListView.swift in Sources */,
				EB53BF1C2A9FE2EE00515ABA /* AppFont.swift in Sources */,
				EB53BF102A9ECFED00515ABA /* ProductDetailView.swift in Sources */,
				EB53BF0E2A9ECCDF00515ABA /* ShoppingCartCell.swift in Sources */,
				EB531DBF2A6CB64A006C35A5 /* Product.swift in Sources */,
				EB53BF1F2A9FE54E00515ABA /* Line.swift in Sources */,
				EBCF46612A60C9B600FA03B4 /* ProductCard.swift in Sources */,
				EB499E322A831F3E000BA308 /* PhoneView.swift in Sources */,
				EB499E2E2A831D13000BA308 /* HomeView.swift in Sources */,
				EB53BF192A9FE19E00515ABA /* Extensions.swift in Sources */,
				EB499E302A831F37000BA308 /* TabletView.swift in Sources */,
				EB53BF132A9ED70500515ABA /* ShoppingCartViewModel.swift in Sources */,
				EB499E342A8320EE000BA308 /* ShoppingCartView.swift in Sources */,
				EBCF465F2A60C9B600FA03B4 /* KwikEMartSwiftUIApp.swift in Sources */,
			);
			runOnlyForDeploymentPostprocessing = 0;
		};
/* End PBXSourcesBuildPhase section */

/* Begin XCBuildConfiguration section */
		EBCF46682A60C9B600FA03B4 /* Debug */ = {
			isa = XCBuildConfiguration;
			buildSettings = {
				ALWAYS_SEARCH_USER_PATHS = NO;
				CLANG_ANALYZER_NONNULL = YES;
				CLANG_ANALYZER_NUMBER_OBJECT_CONVERSION = YES_AGGRESSIVE;
				CLANG_CXX_LANGUAGE_STANDARD = "gnu++20";
				CLANG_ENABLE_MODULES = YES;
				CLANG_ENABLE_OBJC_ARC = YES;
				CLANG_ENABLE_OBJC_WEAK = YES;
				CLANG_WARN_BLOCK_CAPTURE_AUTORELEASING = YES;
				CLANG_WARN_BOOL_CONVERSION = YES;
				CLANG_WARN_COMMA = YES;
				CLANG_WARN_CONSTANT_CONVERSION = YES;
				CLANG_WARN_DEPRECATED_OBJC_IMPLEMENTATIONS = YES;
				CLANG_WARN_DIRECT_OBJC_ISA_USAGE = YES_ERROR;
				CLANG_WARN_DOCUMENTATION_COMMENTS = YES;
				CLANG_WARN_EMPTY_BODY = YES;
				CLANG_WARN_ENUM_CONVERSION = YES;
				CLANG_WARN_INFINITE_RECURSION = YES;
				CLANG_WARN_INT_CONVERSION = YES;
				CLANG_WARN_NON_LITERAL_NULL_CONVERSION = YES;
				CLANG_WARN_OBJC_IMPLICIT_RETAIN_SELF = YES;
				CLANG_WARN_OBJC_LITERAL_CONVERSION = YES;
				CLANG_WARN_OBJC_ROOT_CLASS = YES_ERROR;
				CLANG_WARN_QUOTED_INCLUDE_IN_FRAMEWORK_HEADER = YES;
				CLANG_WARN_RANGE_LOOP_ANALYSIS = YES;
				CLANG_WARN_STRICT_PROTOTYPES = YES;
				CLANG_WARN_SUSPICIOUS_MOVE = YES;
				CLANG_WARN_UNGUARDED_AVAILABILITY = YES_AGGRESSIVE;
				CLANG_WARN_UNREACHABLE_CODE = YES;
				CLANG_WARN__DUPLICATE_METHOD_MATCH = YES;
				COPY_PHASE_STRIP = NO;
				DEBUG_INFORMATION_FORMAT = dwarf;
				ENABLE_STRICT_OBJC_MSGSEND = YES;
				ENABLE_TESTABILITY = YES;
				GCC_C_LANGUAGE_STANDARD = gnu11;
				GCC_DYNAMIC_NO_PIC = NO;
				GCC_NO_COMMON_BLOCKS = YES;
				GCC_OPTIMIZATION_LEVEL = 0;
				GCC_PREPROCESSOR_DEFINITIONS = (
					"DEBUG=1",
					"$(inherited)",
				);
				GCC_WARN_64_TO_32_BIT_CONVERSION = YES;
				GCC_WARN_ABOUT_RETURN_TYPE = YES_ERROR;
				GCC_WARN_UNDECLARED_SELECTOR = YES;
				GCC_WARN_UNINITIALIZED_AUTOS = YES_AGGRESSIVE;
				GCC_WARN_UNUSED_FUNCTION = YES;
				GCC_WARN_UNUSED_VARIABLE = YES;
				MTL_ENABLE_DEBUG_INFO = INCLUDE_SOURCE;
				MTL_FAST_MATH = YES;
				ONLY_ACTIVE_ARCH = YES;
				SWIFT_ACTIVE_COMPILATION_CONDITIONS = DEBUG;
				SWIFT_OPTIMIZATION_LEVEL = "-Onone";
			};
			name = Debug;
		};
		EBCF46692A60C9B600FA03B4 /* Release */ = {
			isa = XCBuildConfiguration;
			buildSettings = {
				ALWAYS_SEARCH_USER_PATHS = NO;
				CLANG_ANALYZER_NONNULL = YES;
				CLANG_ANALYZER_NUMBER_OBJECT_CONVERSION = YES_AGGRESSIVE;
				CLANG_CXX_LANGUAGE_STANDARD = "gnu++20";
				CLANG_ENABLE_MODULES = YES;
				CLANG_ENABLE_OBJC_ARC = YES;
				CLANG_ENABLE_OBJC_WEAK = YES;
				CLANG_WARN_BLOCK_CAPTURE_AUTORELEASING = YES;
				CLANG_WARN_BOOL_CONVERSION = YES;
				CLANG_WARN_COMMA = YES;
				CLANG_WARN_CONSTANT_CONVERSION = YES;
				CLANG_WARN_DEPRECATED_OBJC_IMPLEMENTATIONS = YES;
				CLANG_WARN_DIRECT_OBJC_ISA_USAGE = YES_ERROR;
				CLANG_WARN_DOCUMENTATION_COMMENTS = YES;
				CLANG_WARN_EMPTY_BODY = YES;
				CLANG_WARN_ENUM_CONVERSION = YES;
				CLANG_WARN_INFINITE_RECURSION = YES;
				CLANG_WARN_INT_CONVERSION = YES;
				CLANG_WARN_NON_LITERAL_NULL_CONVERSION = YES;
				CLANG_WARN_OBJC_IMPLICIT_RETAIN_SELF = YES;
				CLANG_WARN_OBJC_LITERAL_CONVERSION = YES;
				CLANG_WARN_OBJC_ROOT_CLASS = YES_ERROR;
				CLANG_WARN_QUOTED_INCLUDE_IN_FRAMEWORK_HEADER = YES;
				CLANG_WARN_RANGE_LOOP_ANALYSIS = YES;
				CLANG_WARN_STRICT_PROTOTYPES = YES;
				CLANG_WARN_SUSPICIOUS_MOVE = YES;
				CLANG_WARN_UNGUARDED_AVAILABILITY = YES_AGGRESSIVE;
				CLANG_WARN_UNREACHABLE_CODE = YES;
				CLANG_WARN__DUPLICATE_METHOD_MATCH = YES;
				COPY_PHASE_STRIP = NO;
				DEBUG_INFORMATION_FORMAT = "dwarf-with-dsym";
				ENABLE_NS_ASSERTIONS = NO;
				ENABLE_STRICT_OBJC_MSGSEND = YES;
				GCC_C_LANGUAGE_STANDARD = gnu11;
				GCC_NO_COMMON_BLOCKS = YES;
				GCC_WARN_64_TO_32_BIT_CONVERSION = YES;
				GCC_WARN_ABOUT_RETURN_TYPE = YES_ERROR;
				GCC_WARN_UNDECLARED_SELECTOR = YES;
				GCC_WARN_UNINITIALIZED_AUTOS = YES_AGGRESSIVE;
				GCC_WARN_UNUSED_FUNCTION = YES;
				GCC_WARN_UNUSED_VARIABLE = YES;
				MTL_ENABLE_DEBUG_INFO = NO;
				MTL_FAST_MATH = YES;
				SWIFT_COMPILATION_MODE = wholemodule;
				SWIFT_OPTIMIZATION_LEVEL = "-O";
			};
			name = Release;
		};
		EBCF466B2A60C9B600FA03B4 /* Debug */ = {
			isa = XCBuildConfiguration;
			buildSettings = {
				ASSETCATALOG_COMPILER_APPICON_NAME = AppIcon;
				ASSETCATALOG_COMPILER_GLOBAL_ACCENT_COLOR_NAME = AccentColor;
				CODE_SIGN_ENTITLEMENTS = KwikEMartSwiftUI/KwikEMartSwiftUI.entitlements;
				CODE_SIGN_STYLE = Automatic;
				CURRENT_PROJECT_VERSION = 1;
				DEVELOPMENT_ASSET_PATHS = "\"KwikEMartSwiftUI/Preview Content\"";
				DEVELOPMENT_TEAM = L63W9QSW59;
				ENABLE_HARDENED_RUNTIME = YES;
				ENABLE_PREVIEWS = YES;
				GENERATE_INFOPLIST_FILE = YES;
				"INFOPLIST_KEY_UIApplicationSceneManifest_Generation[sdk=iphoneos*]" = YES;
				"INFOPLIST_KEY_UIApplicationSceneManifest_Generation[sdk=iphonesimulator*]" = YES;
				"INFOPLIST_KEY_UIApplicationSupportsIndirectInputEvents[sdk=iphoneos*]" = YES;
				"INFOPLIST_KEY_UIApplicationSupportsIndirectInputEvents[sdk=iphonesimulator*]" = YES;
				"INFOPLIST_KEY_UILaunchScreen_Generation[sdk=iphoneos*]" = YES;
				"INFOPLIST_KEY_UILaunchScreen_Generation[sdk=iphonesimulator*]" = YES;
				"INFOPLIST_KEY_UIStatusBarStyle[sdk=iphoneos*]" = UIStatusBarStyleDefault;
				"INFOPLIST_KEY_UIStatusBarStyle[sdk=iphonesimulator*]" = UIStatusBarStyleDefault;
				INFOPLIST_KEY_UISupportedInterfaceOrientations_iPad = "UIInterfaceOrientationPortrait UIInterfaceOrientationPortraitUpsideDown UIInterfaceOrientationLandscapeLeft UIInterfaceOrientationLandscapeRight";
				INFOPLIST_KEY_UISupportedInterfaceOrientations_iPhone = "UIInterfaceOrientationPortrait UIInterfaceOrientationLandscapeLeft UIInterfaceOrientationLandscapeRight";
				IPHONEOS_DEPLOYMENT_TARGET = 16.4;
				LD_RUNPATH_SEARCH_PATHS = "@executable_path/Frameworks";
				"LD_RUNPATH_SEARCH_PATHS[sdk=macosx*]" = "@executable_path/../Frameworks";
				MACOSX_DEPLOYMENT_TARGET = 13.3;
				MARKETING_VERSION = 1.0;
				PRODUCT_BUNDLE_IDENTIFIER = nsbuilders.KwikEMartSwiftUI;
				PRODUCT_NAME = "$(TARGET_NAME)";
				SDKROOT = auto;
				SUPPORTED_PLATFORMS = "iphoneos iphonesimulator macosx";
				SWIFT_EMIT_LOC_STRINGS = YES;
				SWIFT_VERSION = 5.0;
				TARGETED_DEVICE_FAMILY = "1,2";
			};
			name = Debug;
		};
		EBCF466C2A60C9B600FA03B4 /* Release */ = {
			isa = XCBuildConfiguration;
			buildSettings = {
				ASSETCATALOG_COMPILER_APPICON_NAME = AppIcon;
				ASSETCATALOG_COMPILER_GLOBAL_ACCENT_COLOR_NAME = AccentColor;
				CODE_SIGN_ENTITLEMENTS = KwikEMartSwiftUI/KwikEMartSwiftUI.entitlements;
				CODE_SIGN_STYLE = Automatic;
				CURRENT_PROJECT_VERSION = 1;
				DEVELOPMENT_ASSET_PATHS = "\"KwikEMartSwiftUI/Preview Content\"";
				DEVELOPMENT_TEAM = L63W9QSW59;
				ENABLE_HARDENED_RUNTIME = YES;
				ENABLE_PREVIEWS = YES;
				GENERATE_INFOPLIST_FILE = YES;
				"INFOPLIST_KEY_UIApplicationSceneManifest_Generation[sdk=iphoneos*]" = YES;
				"INFOPLIST_KEY_UIApplicationSceneManifest_Generation[sdk=iphonesimulator*]" = YES;
				"INFOPLIST_KEY_UIApplicationSupportsIndirectInputEvents[sdk=iphoneos*]" = YES;
				"INFOPLIST_KEY_UIApplicationSupportsIndirectInputEvents[sdk=iphonesimulator*]" = YES;
				"INFOPLIST_KEY_UILaunchScreen_Generation[sdk=iphoneos*]" = YES;
				"INFOPLIST_KEY_UILaunchScreen_Generation[sdk=iphonesimulator*]" = YES;
				"INFOPLIST_KEY_UIStatusBarStyle[sdk=iphoneos*]" = UIStatusBarStyleDefault;
				"INFOPLIST_KEY_UIStatusBarStyle[sdk=iphonesimulator*]" = UIStatusBarStyleDefault;
				INFOPLIST_KEY_UISupportedInterfaceOrientations_iPad = "UIInterfaceOrientationPortrait UIInterfaceOrientationPortraitUpsideDown UIInterfaceOrientationLandscapeLeft UIInterfaceOrientationLandscapeRight";
				INFOPLIST_KEY_UISupportedInterfaceOrientations_iPhone = "UIInterfaceOrientationPortrait UIInterfaceOrientationLandscapeLeft UIInterfaceOrientationLandscapeRight";
				IPHONEOS_DEPLOYMENT_TARGET = 16.4;
				LD_RUNPATH_SEARCH_PATHS = "@executable_path/Frameworks";
				"LD_RUNPATH_SEARCH_PATHS[sdk=macosx*]" = "@executable_path/../Frameworks";
				MACOSX_DEPLOYMENT_TARGET = 13.3;
				MARKETING_VERSION = 1.0;
				PRODUCT_BUNDLE_IDENTIFIER = nsbuilders.KwikEMartSwiftUI;
				PRODUCT_NAME = "$(TARGET_NAME)";
				SDKROOT = auto;
				SUPPORTED_PLATFORMS = "iphoneos iphonesimulator macosx";
				SWIFT_EMIT_LOC_STRINGS = YES;
				SWIFT_VERSION = 5.0;
				TARGETED_DEVICE_FAMILY = "1,2";
			};
			name = Release;
		};
/* End XCBuildConfiguration section */

/* Begin XCConfigurationList section */
		EBCF46562A60C9B600FA03B4 /* Build configuration list for PBXProject "KwikEMartSwiftUI" */ = {
			isa = XCConfigurationList;
			buildConfigurations = (
				EBCF46682A60C9B600FA03B4 /* Debug */,
				EBCF46692A60C9B600FA03B4 /* Release */,
			);
			defaultConfigurationIsVisible = 0;
			defaultConfigurationName = Release;
		};
		EBCF466A2A60C9B600FA03B4 /* Build configuration list for PBXNativeTarget "KwikEMartSwiftUI" */ = {
			isa = XCConfigurationList;
			buildConfigurations = (
				EBCF466B2A60C9B600FA03B4 /* Debug */,
				EBCF466C2A60C9B600FA03B4 /* Release */,
			);
			defaultConfigurationIsVisible = 0;
			defaultConfigurationName = Release;
		};
/* End XCConfigurationList section */
	};
	rootObject = EBCF46532A60C9B600FA03B4 /* Project object */;
}
